
Microsoft Visual Studio Solution File, Format Version 12.00
# Visual Studio Version 17
VisualStudioVersion = 17.0.32126.317
MinimumVisualStudioVersion = 10.0.40219.1
Project("{2150E333-8FDC-42A3-9474-1A3956D46DE8}") = "_docs", "_docs", "{D42EE9A3-D2F6-4630-B043-C5B49293AD8C}"
	ProjectSection(SolutionItems) = preProject
		_docs\CC6__DevNotes.md = _docs\CC6__DevNotes.md
		_docs\CC6_BlazorResources.md = _docs\CC6_BlazorResources.md
		_docs\CC6_CleanResources.md = _docs\CC6_CleanResources.md
		_docs\CC6_EFCore6Resources.md = _docs\CC6_EFCore6Resources.md
		_docs\CC6_Logging.md = _docs\CC6_Logging.md
		_docs\CC6_Resources.md = _docs\CC6_Resources.md
		_docs\CC6_Tools.md = _docs\CC6_Tools.md
		License.txt = License.txt
		readme.md = readme.md
	EndProjectSection
EndProject
Project("{2150E333-8FDC-42A3-9474-1A3956D46DE8}") = "Solution Items", "Solution Items", "{F20DBA7C-BCBB-4FB8-BE15-6063C9BF675A}"
	ProjectSection(SolutionItems) = preProject
		.editorconfig = .editorconfig
		.gitignore = .gitignore
	EndProjectSection
EndProject
Project("{2150E333-8FDC-42A3-9474-1A3956D46DE8}") = "src", "src", "{51FF3E0D-48C5-441A-A3E5-234DE1180E42}"
EndProject
Project("{2150E333-8FDC-42A3-9474-1A3956D46DE8}") = "tests", "tests", "{8AE22DC5-0D70-40F6-8F43-0B33296581B5}"
EndProject
Project("{9A19103F-16F7-4668-BE54-9A1E7A4F7556}") = "CU.SharedKernel", "src\CU.SharedKernel\CU.SharedKernel.csproj", "{8194EEC0-7128-4D75-885E-801286BE271D}"
EndProject
Project("{9A19103F-16F7-4668-BE54-9A1E7A4F7556}") = "ContosoUniversity.Models", "src\ContosoUniversity.Models\ContosoUniversity.Models.csproj", "{310A7891-20BB-4C17-90AF-23FBB46B03F1}"
EndProject
Project("{9A19103F-16F7-4668-BE54-9A1E7A4F7556}") = "CU.Application.Common", "src\CU.Application.Common\CU.Application.Common.csproj", "{4026CBBF-9180-4182-ABB5-3AF08DF74A24}"
EndProject
Project("{9A19103F-16F7-4668-BE54-9A1E7A4F7556}") = "CU.Application.Shared", "src\CU.Application.Shared\CU.Application.Shared.csproj", "{A580EB36-0867-4564-92CA-E32854F8EFF0}"
EndProject
Project("{9A19103F-16F7-4668-BE54-9A1E7A4F7556}") = "CU.Application", "src\CU.Application\CU.Application.csproj", "{D4677F09-3C21-455F-A1B5-073C29CBB9F8}"
EndProject
Project("{9A19103F-16F7-4668-BE54-9A1E7A4F7556}") = "CU.Infrastructure", "src\CU.Infrastructure\CU.Infrastructure.csproj", "{584933FA-2FA0-48C4-9FA1-4BC7798958BE}"
EndProject
Project("{9A19103F-16F7-4668-BE54-9A1E7A4F7556}") = "CU.EFDataApp", "src\CU.EFDataApp\CU.EFDataApp.csproj", "{902A0E7C-583F-496F-B5B8-9EE63C83F24F}"
EndProject
Project("{9A19103F-16F7-4668-BE54-9A1E7A4F7556}") = "CU.ApplicationIntegrationTests", "tests\CU.ApplicationIntegrationTests\CU.ApplicationIntegrationTests.csproj", "{80DA9607-56A0-478F-B931-E7F59E503668}"
EndProject
Project("{9A19103F-16F7-4668-BE54-9A1E7A4F7556}") = "ContosoUniversity", "src\ContosoUniversity\ContosoUniversity.csproj", "{C0588D35-CDEA-4D3C-B065-CA44C694BC5C}"
	ProjectSection(ProjectDependencies) = postProject
		{A580EB36-0867-4564-92CA-E32854F8EFF0} = {A580EB36-0867-4564-92CA-E32854F8EFF0}
		{310A7891-20BB-4C17-90AF-23FBB46B03F1} = {310A7891-20BB-4C17-90AF-23FBB46B03F1}
		{2E1E85A5-7E3B-4997-98BE-CD22FD03943E} = {2E1E85A5-7E3B-4997-98BE-CD22FD03943E}
		{4026CBBF-9180-4182-ABB5-3AF08DF74A24} = {4026CBBF-9180-4182-ABB5-3AF08DF74A24}
		{8194EEC0-7128-4D75-885E-801286BE271D} = {8194EEC0-7128-4D75-885E-801286BE271D}
	EndProjectSection
EndProject
Project("{9A19103F-16F7-4668-BE54-9A1E7A4F7556}") = "Demo.Components", "src\Demo.Components\Demo.Components.csproj", "{B1187B81-0FF9-4297-B63A-8D99B1250C38}"
EndProject
Project("{9A19103F-16F7-4668-BE54-9A1E7A4F7556}") = "ContosoUniversity.Components", "src\ContosoUniversity.Components\ContosoUniversity.Components.csproj", "{B940EC38-FF39-4F2F-AFDA-8CDFCB7F5FA8}"
EndProject
Project("{9A19103F-16F7-4668-BE54-9A1E7A4F7556}") = "CU.Application.Data.Common", "src\CU.Application.Data.Common\CU.Application.Data.Common.csproj", "{2E1E85A5-7E3B-4997-98BE-CD22FD03943E}"
EndProject
Project("{9A19103F-16F7-4668-BE54-9A1E7A4F7556}") = "CU.Application.UnitTests", "tests\CU.Application.UnitTests\CU.Application.UnitTests.csproj", "{9BDC6CAC-B63A-4437-8CA2-758E15B59CB5}"
EndProject
Project("{FAE04EC0-301F-11D3-BF4B-00C04F79EFBC}") = "CU.Definitions", "src\CU.Definitions\CU.Definitions.csproj", "{3DE337BE-5202-4383-BED8-AA34BD167388}"
EndProject
Global
	GlobalSection(SolutionConfigurationPlatforms) = preSolution
		Debug|Any CPU = Debug|Any CPU
		Release|Any CPU = Release|Any CPU
	EndGlobalSection
	GlobalSection(ProjectConfigurationPlatforms) = postSolution
		{8194EEC0-7128-4D75-885E-801286BE271D}.Debug|Any CPU.ActiveCfg = Debug|Any CPU
		{8194EEC0-7128-4D75-885E-801286BE271D}.Debug|Any CPU.Build.0 = Debug|Any CPU
		{8194EEC0-7128-4D75-885E-801286BE271D}.Release|Any CPU.ActiveCfg = Release|Any CPU
		{8194EEC0-7128-4D75-885E-801286BE271D}.Release|Any CPU.Build.0 = Release|Any CPU
		{310A7891-20BB-4C17-90AF-23FBB46B03F1}.Debug|Any CPU.ActiveCfg = Debug|Any CPU
		{310A7891-20BB-4C17-90AF-23FBB46B03F1}.Debug|Any CPU.Build.0 = Debug|Any CPU
		{310A7891-20BB-4C17-90AF-23FBB46B03F1}.Release|Any CPU.ActiveCfg = Release|Any CPU
		{310A7891-20BB-4C17-90AF-23FBB46B03F1}.Release|Any CPU.Build.0 = Release|Any CPU
		{4026CBBF-9180-4182-ABB5-3AF08DF74A24}.Debug|Any CPU.ActiveCfg = Debug|Any CPU
		{4026CBBF-9180-4182-ABB5-3AF08DF74A24}.Debug|Any CPU.Build.0 = Debug|Any CPU
		{4026CBBF-9180-4182-ABB5-3AF08DF74A24}.Release|Any CPU.ActiveCfg = Release|Any CPU
		{4026CBBF-9180-4182-ABB5-3AF08DF74A24}.Release|Any CPU.Build.0 = Release|Any CPU
		{A580EB36-0867-4564-92CA-E32854F8EFF0}.Debug|Any CPU.ActiveCfg = Debug|Any CPU
		{A580EB36-0867-4564-92CA-E32854F8EFF0}.Debug|Any CPU.Build.0 = Debug|Any CPU
		{A580EB36-0867-4564-92CA-E32854F8EFF0}.Release|Any CPU.ActiveCfg = Release|Any CPU
		{A580EB36-0867-4564-92CA-E32854F8EFF0}.Release|Any CPU.Build.0 = Release|Any CPU
		{D4677F09-3C21-455F-A1B5-073C29CBB9F8}.Debug|Any CPU.ActiveCfg = Debug|Any CPU
		{D4677F09-3C21-455F-A1B5-073C29CBB9F8}.Debug|Any CPU.Build.0 = Debug|Any CPU
		{D4677F09-3C21-455F-A1B5-073C29CBB9F8}.Release|Any CPU.ActiveCfg = Release|Any CPU
		{D4677F09-3C21-455F-A1B5-073C29CBB9F8}.Release|Any CPU.Build.0 = Release|Any CPU
		{584933FA-2FA0-48C4-9FA1-4BC7798958BE}.Debug|Any CPU.ActiveCfg = Debug|Any CPU
		{584933FA-2FA0-48C4-9FA1-4BC7798958BE}.Debug|Any CPU.Build.0 = Debug|Any CPU
		{584933FA-2FA0-48C4-9FA1-4BC7798958BE}.Release|Any CPU.ActiveCfg = Release|Any CPU
		{584933FA-2FA0-48C4-9FA1-4BC7798958BE}.Release|Any CPU.Build.0 = Release|Any CPU
		{902A0E7C-583F-496F-B5B8-9EE63C83F24F}.Debug|Any CPU.ActiveCfg = Debug|Any CPU
		{902A0E7C-583F-496F-B5B8-9EE63C83F24F}.Debug|Any CPU.Build.0 = Debug|Any CPU
		{902A0E7C-583F-496F-B5B8-9EE63C83F24F}.Release|Any CPU.ActiveCfg = Release|Any CPU
		{902A0E7C-583F-496F-B5B8-9EE63C83F24F}.Release|Any CPU.Build.0 = Release|Any CPU
		{80DA9607-56A0-478F-B931-E7F59E503668}.Debug|Any CPU.ActiveCfg = Debug|Any CPU
		{80DA9607-56A0-478F-B931-E7F59E503668}.Debug|Any CPU.Build.0 = Debug|Any CPU
		{80DA9607-56A0-478F-B931-E7F59E503668}.Release|Any CPU.ActiveCfg = Release|Any CPU
		{80DA9607-56A0-478F-B931-E7F59E503668}.Release|Any CPU.Build.0 = Release|Any CPU
		{C0588D35-CDEA-4D3C-B065-CA44C694BC5C}.Debug|Any CPU.ActiveCfg = Debug|Any CPU
		{C0588D35-CDEA-4D3C-B065-CA44C694BC5C}.Debug|Any CPU.Build.0 = Debug|Any CPU
		{C0588D35-CDEA-4D3C-B065-CA44C694BC5C}.Release|Any CPU.ActiveCfg = Release|Any CPU
		{C0588D35-CDEA-4D3C-B065-CA44C694BC5C}.Release|Any CPU.Build.0 = Release|Any CPU
		{B1187B81-0FF9-4297-B63A-8D99B1250C38}.Debug|Any CPU.ActiveCfg = Debug|Any CPU
		{B1187B81-0FF9-4297-B63A-8D99B1250C38}.Debug|Any CPU.Build.0 = Debug|Any CPU
		{B1187B81-0FF9-4297-B63A-8D99B1250C38}.Release|Any CPU.ActiveCfg = Release|Any CPU
		{B1187B81-0FF9-4297-B63A-8D99B1250C38}.Release|Any CPU.Build.0 = Release|Any CPU
		{B940EC38-FF39-4F2F-AFDA-8CDFCB7F5FA8}.Debug|Any CPU.ActiveCfg = Debug|Any CPU
		{B940EC38-FF39-4F2F-AFDA-8CDFCB7F5FA8}.Debug|Any CPU.Build.0 = Debug|Any CPU
		{B940EC38-FF39-4F2F-AFDA-8CDFCB7F5FA8}.Release|Any CPU.ActiveCfg = Release|Any CPU
		{B940EC38-FF39-4F2F-AFDA-8CDFCB7F5FA8}.Release|Any CPU.Build.0 = Release|Any CPU
		{2E1E85A5-7E3B-4997-98BE-CD22FD03943E}.Debug|Any CPU.ActiveCfg = Debug|Any CPU
		{2E1E85A5-7E3B-4997-98BE-CD22FD03943E}.Debug|Any CPU.Build.0 = Debug|Any CPU
		{2E1E85A5-7E3B-4997-98BE-CD22FD03943E}.Release|Any CPU.ActiveCfg = Release|Any CPU
		{2E1E85A5-7E3B-4997-98BE-CD22FD03943E}.Release|Any CPU.Build.0 = Release|Any CPU
		{9BDC6CAC-B63A-4437-8CA2-758E15B59CB5}.Debug|Any CPU.ActiveCfg = Debug|Any CPU
		{9BDC6CAC-B63A-4437-8CA2-758E15B59CB5}.Debug|Any CPU.Build.0 = Debug|Any CPU
		{9BDC6CAC-B63A-4437-8CA2-758E15B59CB5}.Release|Any CPU.ActiveCfg = Release|Any CPU
		{9BDC6CAC-B63A-4437-8CA2-758E15B59CB5}.Release|Any CPU.Build.0 = Release|Any CPU
		{3DE337BE-5202-4383-BED8-AA34BD167388}.Debug|Any CPU.ActiveCfg = Debug|Any CPU
		{3DE337BE-5202-4383-BED8-AA34BD167388}.Debug|Any CPU.Build.0 = Debug|Any CPU
		{3DE337BE-5202-4383-BED8-AA34BD167388}.Release|Any CPU.ActiveCfg = Release|Any CPU
		{3DE337BE-5202-4383-BED8-AA34BD167388}.Release|Any CPU.Build.0 = Release|Any CPU
	EndGlobalSection
	GlobalSection(SolutionProperties) = preSolution
		HideSolutionNode = FALSE
	EndGlobalSection
	GlobalSection(NestedProjects) = preSolution
		{8194EEC0-7128-4D75-885E-801286BE271D} = {51FF3E0D-48C5-441A-A3E5-234DE1180E42}
		{310A7891-20BB-4C17-90AF-23FBB46B03F1} = {51FF3E0D-48C5-441A-A3E5-234DE1180E42}
		{4026CBBF-9180-4182-ABB5-3AF08DF74A24} = {51FF3E0D-48C5-441A-A3E5-234DE1180E42}
		{A580EB36-0867-4564-92CA-E32854F8EFF0} = {51FF3E0D-48C5-441A-A3E5-234DE1180E42}
		{D4677F09-3C21-455F-A1B5-073C29CBB9F8} = {51FF3E0D-48C5-441A-A3E5-234DE1180E42}
		{584933FA-2FA0-48C4-9FA1-4BC7798958BE} = {51FF3E0D-48C5-441A-A3E5-234DE1180E42}
		{902A0E7C-583F-496F-B5B8-9EE63C83F24F} = {51FF3E0D-48C5-441A-A3E5-234DE1180E42}
		{80DA9607-56A0-478F-B931-E7F59E503668} = {8AE22DC5-0D70-40F6-8F43-0B33296581B5}
		{C0588D35-CDEA-4D3C-B065-CA44C694BC5C} = {51FF3E0D-48C5-441A-A3E5-234DE1180E42}
		{B1187B81-0FF9-4297-B63A-8D99B1250C38} = {51FF3E0D-48C5-441A-A3E5-234DE1180E42}
		{B940EC38-FF39-4F2F-AFDA-8CDFCB7F5FA8} = {51FF3E0D-48C5-441A-A3E5-234DE1180E42}
		{2E1E85A5-7E3B-4997-98BE-CD22FD03943E} = {51FF3E0D-48C5-441A-A3E5-234DE1180E42}
		{9BDC6CAC-B63A-4437-8CA2-758E15B59CB5} = {8AE22DC5-0D70-40F6-8F43-0B33296581B5}
		{3DE337BE-5202-4383-BED8-AA34BD167388} = {51FF3E0D-48C5-441A-A3E5-234DE1180E42}
	EndGlobalSection
	GlobalSection(ExtensibilityGlobals) = postSolution
		SolutionGuid = {0DDCAF78-6C96-4B97-B430-11664E0BEB7B}
	EndGlobalSection
EndGlobal
